
Microsoft Visual Studio Solution File, Format Version 12.00
# Visual Studio Version 17
VisualStudioVersion = 17.1.32210.238
MinimumVisualStudioVersion = 10.0.40219.1
Project("{FAE04EC0-301F-11D3-BF4B-00C04F79EFBC}") = "WebApplication1", "WebApplication1\WebApplication1.csproj", "{3084CC4F-EBF8-4BD0-938E-BB2D6B31F5F2}"
EndProject
Project("{FAE04EC0-301F-11D3-BF4B-00C04F79EFBC}") = "WebApplication2", "WebApplication2\WebApplication2.csproj", "{D51839BB-9D2D-4789-A070-E46FB9E776C0}"
EndProject
Global
	GlobalSection(SolutionConfigurationPlatforms) = preSolution
		Debug|Any CPU = Debug|Any CPU
		Release|Any CPU = Release|Any CPU
	EndGlobalSection
	GlobalSection(ProjectConfigurationPlatforms) = postSolution
		{3084CC4F-EBF8-4BD0-938E-BB2D6B31F5F2}.Debug|Any CPU.ActiveCfg = Debug|Any CPU
		{3084CC4F-EBF8-4BD0-938E-BB2D6B31F5F2}.Debug|Any CPU.Build.0 = Debug|Any CPU
		{3084CC4F-EBF8-4BD0-938E-BB2D6B31F5F2}.Release|Any CPU.ActiveCfg = Release|Any CPU
		{3084CC4F-EBF8-4BD0-938E-BB2D6B31F5F2}.Release|Any CPU.Build.0 = Release|Any CPU
		{D51839BB-9D2D-4789-A070-E46FB9E776C0}.Debug|Any CPU.ActiveCfg = Debug|Any CPU
		{D51839BB-9D2D-4789-A070-E46FB9E776C0}.Debug|Any CPU.Build.0 = Debug|Any CPU
		{D51839BB-9D2D-4789-A070-E46FB9E776C0}.Release|Any CPU.ActiveCfg = Release|Any CPU
		{D51839BB-9D2D-4789-A070-E46FB9E776C0}.Release|Any CPU.Build.0 = Release|Any CPU
	EndGlobalSection
	GlobalSection(SolutionProperties) = preSolution
		HideSolutionNode = FALSE
	EndGlobalSection
	GlobalSection(ExtensibilityGlobals) = postSolution
		SolutionGuid = {10ED458F-D493-4B0D-BF14-BE4C8C4E69BA}
	EndGlobalSection
EndGlobal
